// !$*UTF8*$!
{
	archiveVersion = 1;
	classes = {
	};
	objectVersion = 46;
	objects = {

/* Begin PBXBuildFile section */
		60019755183FBE7C00434CC9 /* Foundation.framework in Frameworks */ = {isa = PBXBuildFile; fileRef = 60019754183FBE7C00434CC9 /* Foundation.framework */; };
		60019757183FBE7C00434CC9 /* CoreGraphics.framework in Frameworks */ = {isa = PBXBuildFile; fileRef = 60019756183FBE7C00434CC9 /* CoreGraphics.framework */; };
		60019759183FBE7C00434CC9 /* UIKit.framework in Frameworks */ = {isa = PBXBuildFile; fileRef = 60019758183FBE7C00434CC9 /* UIKit.framework */; };
		6001975F183FBE7C00434CC9 /* InfoPlist.strings in Resources */ = {isa = PBXBuildFile; fileRef = 6001975D183FBE7C00434CC9 /* InfoPlist.strings */; };
		60019761183FBE7C00434CC9 /* main.m in Sources */ = {isa = PBXBuildFile; fileRef = 60019760183FBE7C00434CC9 /* main.m */; };
		60019765183FBE7C00434CC9 /* AppDelegate.m in Sources */ = {isa = PBXBuildFile; fileRef = 60019764183FBE7C00434CC9 /* AppDelegate.m */; };
		60019768183FBE7C00434CC9 /* Main.storyboard in Resources */ = {isa = PBXBuildFile; fileRef = 60019766183FBE7C00434CC9 /* Main.storyboard */; };
		6001976B183FBE7C00434CC9 /* ViewController.m in Sources */ = {isa = PBXBuildFile; fileRef = 6001976A183FBE7C00434CC9 /* ViewController.m */; };
		6001976D183FBE7C00434CC9 /* Images.xcassets in Resources */ = {isa = PBXBuildFile; fileRef = 6001976C183FBE7C00434CC9 /* Images.xcassets */; };
		60019774183FBE7C00434CC9 /* XCTest.framework in Frameworks */ = {isa = PBXBuildFile; fileRef = 60019773183FBE7C00434CC9 /* XCTest.framework */; };
		60019775183FBE7C00434CC9 /* Foundation.framework in Frameworks */ = {isa = PBXBuildFile; fileRef = 60019754183FBE7C00434CC9 /* Foundation.framework */; };
		60019776183FBE7C00434CC9 /* UIKit.framework in Frameworks */ = {isa = PBXBuildFile; fileRef = 60019758183FBE7C00434CC9 /* UIKit.framework */; };
		6001977E183FBE7C00434CC9 /* InfoPlist.strings in Resources */ = {isa = PBXBuildFile; fileRef = 6001977C183FBE7C00434CC9 /* InfoPlist.strings */; };
		60019780183FBE7C00434CC9 /* JNPileView_devTests.m in Sources */ = {isa = PBXBuildFile; fileRef = 6001977F183FBE7C00434CC9 /* JNPileView_devTests.m */; };
		6001978C183FBEE900434CC9 /* JNPileView.m in Sources */ = {isa = PBXBuildFile; fileRef = 6001978B183FBEE900434CC9 /* JNPileView.m */; };
		6001978D183FBEE900434CC9 /* JNPileView.m in Sources */ = {isa = PBXBuildFile; fileRef = 6001978B183FBEE900434CC9 /* JNPileView.m */; };
/* End PBXBuildFile section */

/* Begin PBXContainerItemProxy section */
		60019777183FBE7C00434CC9 /* PBXContainerItemProxy */ = {
			isa = PBXContainerItemProxy;
			containerPortal = 60019749183FBE7C00434CC9 /* Project object */;
			proxyType = 1;
			remoteGlobalIDString = 60019750183FBE7C00434CC9;
			remoteInfo = JNPileView_dev;
		};
/* End PBXContainerItemProxy section */

/* Begin PBXFileReference section */
		60019751183FBE7C00434CC9 /* JNPileView_dev.app */ = {isa = PBXFileReference; explicitFileType = wrapper.application; includeInIndex = 0; path = JNPileView_dev.app; sourceTree = BUILT_PRODUCTS_DIR; };
		60019754183FBE7C00434CC9 /* Foundation.framework */ = {isa = PBXFileReference; lastKnownFileType = wrapper.framework; name = Foundation.framework; path = System/Library/Frameworks/Foundation.framework; sourceTree = SDKROOT; };
		60019756183FBE7C00434CC9 /* CoreGraphics.framework */ = {isa = PBXFileReference; lastKnownFileType = wrapper.framework; name = CoreGraphics.framework; path = System/Library/Frameworks/CoreGraphics.framework; sourceTree = SDKROOT; };
		60019758183FBE7C00434CC9 /* UIKit.framework */ = {isa = PBXFileReference; lastKnownFileType = wrapper.framework; name = UIKit.framework; path = System/Library/Frameworks/UIKit.framework; sourceTree = SDKROOT; };
		6001975C183FBE7C00434CC9 /* JNPileView_dev-Info.plist */ = {isa = PBXFileReference; lastKnownFileType = text.plist.xml; path = "JNPileView_dev-Info.plist"; sourceTree = "<group>"; };
		6001975E183FBE7C00434CC9 /* en */ = {isa = PBXFileReference; lastKnownFileType = text.plist.strings; name = en; path = en.lproj/InfoPlist.strings; sourceTree = "<group>"; };
		60019760183FBE7C00434CC9 /* main.m */ = {isa = PBXFileReference; lastKnownFileType = sourcecode.c.objc; path = main.m; sourceTree = "<group>"; };
		60019762183FBE7C00434CC9 /* JNPileView_dev-Prefix.pch */ = {isa = PBXFileReference; lastKnownFileType = sourcecode.c.h; path = "JNPileView_dev-Prefix.pch"; sourceTree = "<group>"; };
		60019763183FBE7C00434CC9 /* AppDelegate.h */ = {isa = PBXFileReference; lastKnownFileType = sourcecode.c.h; path = AppDelegate.h; sourceTree = "<group>"; };
		60019764183FBE7C00434CC9 /* AppDelegate.m */ = {isa = PBXFileReference; lastKnownFileType = sourcecode.c.objc; path = AppDelegate.m; sourceTree = "<group>"; };
		60019767183FBE7C00434CC9 /* Base */ = {isa = PBXFileReference; lastKnownFileType = file.storyboard; name = Base; path = Base.lproj/Main.storyboard; sourceTree = "<group>"; };
		60019769183FBE7C00434CC9 /* ViewController.h */ = {isa = PBXFileReference; lastKnownFileType = sourcecode.c.h; path = ViewController.h; sourceTree = "<group>"; };
		6001976A183FBE7C00434CC9 /* ViewController.m */ = {isa = PBXFileReference; lastKnownFileType = sourcecode.c.objc; path = ViewController.m; sourceTree = "<group>"; };
		6001976C183FBE7C00434CC9 /* Images.xcassets */ = {isa = PBXFileReference; lastKnownFileType = folder.assetcatalog; path = Images.xcassets; sourceTree = "<group>"; };
		60019772183FBE7C00434CC9 /* JNPileView_devTests.xctest */ = {isa = PBXFileReference; explicitFileType = wrapper.cfbundle; includeInIndex = 0; path = JNPileView_devTests.xctest; sourceTree = BUILT_PRODUCTS_DIR; };
		60019773183FBE7C00434CC9 /* XCTest.framework */ = {isa = PBXFileReference; lastKnownFileType = wrapper.framework; name = XCTest.framework; path = Library/Frameworks/XCTest.framework; sourceTree = DEVELOPER_DIR; };
		6001977B183FBE7C00434CC9 /* JNPileView_devTests-Info.plist */ = {isa = PBXFileReference; lastKnownFileType = text.plist.xml; path = "JNPileView_devTests-Info.plist"; sourceTree = "<group>"; };
		6001977D183FBE7C00434CC9 /* en */ = {isa = PBXFileReference; lastKnownFileType = text.plist.strings; name = en; path = en.lproj/InfoPlist.strings; sourceTree = "<group>"; };
		6001977F183FBE7C00434CC9 /* JNPileView_devTests.m */ = {isa = PBXFileReference; lastKnownFileType = sourcecode.c.objc; path = JNPileView_devTests.m; sourceTree = "<group>"; };
		6001978A183FBEE900434CC9 /* JNPileView.h */ = {isa = PBXFileReference; fileEncoding = 4; lastKnownFileType = sourcecode.c.h; path = JNPileView.h; sourceTree = "<group>"; };
		6001978B183FBEE900434CC9 /* JNPileView.m */ = {isa = PBXFileReference; fileEncoding = 4; lastKnownFileType = sourcecode.c.objc; path = JNPileView.m; sourceTree = "<group>"; };
/* End PBXFileReference section */

/* Begin PBXFrameworksBuildPhase section */
		6001974E183FBE7C00434CC9 /* Frameworks */ = {
			isa = PBXFrameworksBuildPhase;
			buildActionMask = 2147483647;
			files = (
				60019757183FBE7C00434CC9 /* CoreGraphics.framework in Frameworks */,
				60019759183FBE7C00434CC9 /* UIKit.framework in Frameworks */,
				60019755183FBE7C00434CC9 /* Foundation.framework in Frameworks */,
			);
			runOnlyForDeploymentPostprocessing = 0;
		};
		6001976F183FBE7C00434CC9 /* Frameworks */ = {
			isa = PBXFrameworksBuildPhase;
			buildActionMask = 2147483647;
			files = (
				60019774183FBE7C00434CC9 /* XCTest.framework in Frameworks */,
				60019776183FBE7C00434CC9 /* UIKit.framework in Frameworks */,
				60019775183FBE7C00434CC9 /* Foundation.framework in Frameworks */,
			);
			runOnlyForDeploymentPostprocessing = 0;
		};
/* End PBXFrameworksBuildPhase section */

/* Begin PBXGroup section */
		60019748183FBE7C00434CC9 = {
			isa = PBXGroup;
			children = (
				60019789183FBEDD00434CC9 /* JNPileView */,
				6001975A183FBE7C00434CC9 /* JNPileView_dev */,
				60019779183FBE7C00434CC9 /* JNPileView_devTests */,
				60019753183FBE7C00434CC9 /* Frameworks */,
				60019752183FBE7C00434CC9 /* Products */,
			);
			sourceTree = "<group>";
		};
		60019752183FBE7C00434CC9 /* Products */ = {
			isa = PBXGroup;
			children = (
				60019751183FBE7C00434CC9 /* JNPileView_dev.app */,
				60019772183FBE7C00434CC9 /* JNPileView_devTests.xctest */,
			);
			name = Products;
			sourceTree = "<group>";
		};
		60019753183FBE7C00434CC9 /* Frameworks */ = {
			isa = PBXGroup;
			children = (
				60019754183FBE7C00434CC9 /* Foundation.framework */,
				60019756183FBE7C00434CC9 /* CoreGraphics.framework */,
				60019758183FBE7C00434CC9 /* UIKit.framework */,
				60019773183FBE7C00434CC9 /* XCTest.framework */,
			);
			name = Frameworks;
			sourceTree = "<group>";
		};
		6001975A183FBE7C00434CC9 /* JNPileView_dev */ = {
			isa = PBXGroup;
			children = (
				60019763183FBE7C00434CC9 /* AppDelegate.h */,
				60019764183FBE7C00434CC9 /* AppDelegate.m */,
				60019766183FBE7C00434CC9 /* Main.storyboard */,
				60019769183FBE7C00434CC9 /* ViewController.h */,
				6001976A183FBE7C00434CC9 /* ViewController.m */,
				6001976C183FBE7C00434CC9 /* Images.xcassets */,
				6001975B183FBE7C00434CC9 /* Supporting Files */,
			);
			path = JNPileView_dev;
			sourceTree = "<group>";
		};
		6001975B183FBE7C00434CC9 /* Supporting Files */ = {
			isa = PBXGroup;
			children = (
				6001975C183FBE7C00434CC9 /* JNPileView_dev-Info.plist */,
				6001975D183FBE7C00434CC9 /* InfoPlist.strings */,
				60019760183FBE7C00434CC9 /* main.m */,
				60019762183FBE7C00434CC9 /* JNPileView_dev-Prefix.pch */,
			);
			name = "Supporting Files";
			sourceTree = "<group>";
		};
		60019779183FBE7C00434CC9 /* JNPileView_devTests */ = {
			isa = PBXGroup;
			children = (
				6001977F183FBE7C00434CC9 /* JNPileView_devTests.m */,
				6001977A183FBE7C00434CC9 /* Supporting Files */,
			);
			path = JNPileView_devTests;
			sourceTree = "<group>";
		};
		6001977A183FBE7C00434CC9 /* Supporting Files */ = {
			isa = PBXGroup;
			children = (
				6001977B183FBE7C00434CC9 /* JNPileView_devTests-Info.plist */,
				6001977C183FBE7C00434CC9 /* InfoPlist.strings */,
			);
			name = "Supporting Files";
			sourceTree = "<group>";
		};
		60019789183FBEDD00434CC9 /* JNPileView */ = {
			isa = PBXGroup;
			children = (
				6001978A183FBEE900434CC9 /* JNPileView.h */,
				6001978B183FBEE900434CC9 /* JNPileView.m */,
			);
			name = JNPileView;
			path = ../JNPileView;
			sourceTree = "<group>";
		};
/* End PBXGroup section */

/* Begin PBXNativeTarget section */
		60019750183FBE7C00434CC9 /* JNPileView_dev */ = {
			isa = PBXNativeTarget;
			buildConfigurationList = 60019783183FBE7C00434CC9 /* Build configuration list for PBXNativeTarget "JNPileView_dev" */;
			buildPhases = (
				6001974D183FBE7C00434CC9 /* Sources */,
				6001974E183FBE7C00434CC9 /* Frameworks */,
				6001974F183FBE7C00434CC9 /* Resources */,
			);
			buildRules = (
			);
			dependencies = (
			);
			name = JNPileView_dev;
			productName = JNPileView_dev;
			productReference = 60019751183FBE7C00434CC9 /* JNPileView_dev.app */;
			productType = "com.apple.product-type.application";
		};
		60019771183FBE7C00434CC9 /* JNPileView_devTests */ = {
			isa = PBXNativeTarget;
			buildConfigurationList = 60019786183FBE7C00434CC9 /* Build configuration list for PBXNativeTarget "JNPileView_devTests" */;
			buildPhases = (
				6001976E183FBE7C00434CC9 /* Sources */,
				6001976F183FBE7C00434CC9 /* Frameworks */,
				60019770183FBE7C00434CC9 /* Resources */,
			);
			buildRules = (
			);
			dependencies = (
				60019778183FBE7C00434CC9 /* PBXTargetDependency */,
			);
			name = JNPileView_devTests;
			productName = JNPileView_devTests;
			productReference = 60019772183FBE7C00434CC9 /* JNPileView_devTests.xctest */;
			productType = "com.apple.product-type.bundle.unit-test";
		};
/* End PBXNativeTarget section */

/* Begin PBXProject section */
		60019749183FBE7C00434CC9 /* Project object */ = {
			isa = PBXProject;
			attributes = {
				LastUpgradeCheck = 0500;
				ORGANIZATIONNAME = JHNeves;
				TargetAttributes = {
					60019771183FBE7C00434CC9 = {
						TestTargetID = 60019750183FBE7C00434CC9;
					};
				};
			};
			buildConfigurationList = 6001974C183FBE7C00434CC9 /* Build configuration list for PBXProject "JNPileView_dev" */;
			compatibilityVersion = "Xcode 3.2";
			developmentRegion = English;
			hasScannedForEncodings = 0;
			knownRegions = (
				en,
				Base,
			);
			mainGroup = 60019748183FBE7C00434CC9;
			productRefGroup = 60019752183FBE7C00434CC9 /* Products */;
			projectDirPath = "";
			projectRoot = "";
			targets = (
				60019750183FBE7C00434CC9 /* JNPileView_dev */,
				60019771183FBE7C00434CC9 /* JNPileView_devTests */,
			);
		};
/* End PBXProject section */

/* Begin PBXResourcesBuildPhase section */
		6001974F183FBE7C00434CC9 /* Resources */ = {
			isa = PBXResourcesBuildPhase;
			buildActionMask = 2147483647;
			files = (
				6001976D183FBE7C00434CC9 /* Images.xcassets in Resources */,
				6001975F183FBE7C00434CC9 /* InfoPlist.strings in Resources */,
				60019768183FBE7C00434CC9 /* Main.storyboard in Resources */,
			);
			runOnlyForDeploymentPostprocessing = 0;
		};
		60019770183FBE7C00434CC9 /* Resources */ = {
			isa = PBXResourcesBuildPhase;
			buildActionMask = 2147483647;
			files = (
				6001977E183FBE7C00434CC9 /* InfoPlist.strings in Resources */,
			);
			runOnlyForDeploymentPostprocessing = 0;
		};
/* End PBXResourcesBuildPhase section */

/* Begin PBXSourcesBuildPhase section */
		6001974D183FBE7C00434CC9 /* Sources */ = {
			isa = PBXSourcesBuildPhase;
			buildActionMask = 2147483647;
			files = (
				6001978C183FBEE900434CC9 /* JNPileView.m in Sources */,
				6001976B183FBE7C00434CC9 /* ViewController.m in Sources */,
				60019765183FBE7C00434CC9 /* AppDelegate.m in Sources */,
				60019761183FBE7C00434CC9 /* main.m in Sources */,
			);
			runOnlyForDeploymentPostprocessing = 0;
		};
		6001976E183FBE7C00434CC9 /* Sources */ = {
			isa = PBXSourcesBuildPhase;
			buildActionMask = 2147483647;
			files = (
				6001978D183FBEE900434CC9 /* JNPileView.m in Sources */,
				60019780183FBE7C00434CC9 /* JNPileView_devTests.m in Sources */,
			);
			runOnlyForDeploymentPostprocessing = 0;
		};
/* End PBXSourcesBuildPhase section */

/* Begin PBXTargetDependency section */
		60019778183FBE7C00434CC9 /* PBXTargetDependency */ = {
			isa = PBXTargetDependency;
			target = 60019750183FBE7C00434CC9 /* JNPileView_dev */;
			targetProxy = 60019777183FBE7C00434CC9 /* PBXContainerItemProxy */;
		};
/* End PBXTargetDependency section */

/* Begin PBXVariantGroup section */
		6001975D183FBE7C00434CC9 /* InfoPlist.strings */ = {
			isa = PBXVariantGroup;
			children = (
				6001975E183FBE7C00434CC9 /* en */,
			);
			name = InfoPlist.strings;
			sourceTree = "<group>";
		};
		60019766183FBE7C00434CC9 /* Main.storyboard */ = {
			isa = PBXVariantGroup;
			children = (
				60019767183FBE7C00434CC9 /* Base */,
			);
			name = Main.storyboard;
			sourceTree = "<group>";
		};
		6001977C183FBE7C00434CC9 /* InfoPlist.strings */ = {
			isa = PBXVariantGroup;
			children = (
				6001977D183FBE7C00434CC9 /* en */,
			);
			name = InfoPlist.strings;
			sourceTree = "<group>";
		};
/* End PBXVariantGroup section */

/* Begin XCBuildConfiguration section */
		60019781183FBE7C00434CC9 /* Debug */ = {
			isa = XCBuildConfiguration;
			buildSettings = {
				ALWAYS_SEARCH_USER_PATHS = NO;
				ARCHS = "$(ARCHS_STANDARD_INCLUDING_64_BIT)";
				CLANG_CXX_LANGUAGE_STANDARD = "gnu++0x";
				CLANG_CXX_LIBRARY = "libc++";
				CLANG_ENABLE_MODULES = YES;
				CLANG_ENABLE_OBJC_ARC = YES;
				CLANG_WARN_BOOL_CONVERSION = YES;
				CLANG_WARN_CONSTANT_CONVERSION = YES;
				CLANG_WARN_DIRECT_OBJC_ISA_USAGE = YES_ERROR;
				CLANG_WARN_EMPTY_BODY = YES;
				CLANG_WARN_ENUM_CONVERSION = YES;
				CLANG_WARN_INT_CONVERSION = YES;
				CLANG_WARN_OBJC_ROOT_CLASS = YES_ERROR;
				CLANG_WARN__DUPLICATE_METHOD_MATCH = YES;
				"CODE_SIGN_IDENTITY[sdk=iphoneos*]" = "iPhone Developer";
				COPY_PHASE_STRIP = NO;
				GCC_C_LANGUAGE_STANDARD = gnu99;
				GCC_DYNAMIC_NO_PIC = NO;
				GCC_OPTIMIZATION_LEVEL = 0;
				GCC_PREPROCESSOR_DEFINITIONS = (
					"DEBUG=1",
					"$(inherited)",
				);
				GCC_SYMBOLS_PRIVATE_EXTERN = NO;
				GCC_WARN_64_TO_32_BIT_CONVERSION = YES;
				GCC_WARN_ABOUT_RETURN_TYPE = YES_ERROR;
				GCC_WARN_UNDECLARED_SELECTOR = YES;
				GCC_WARN_UNINITIALIZED_AUTOS = YES;
				GCC_WARN_UNUSED_FUNCTION = YES;
				GCC_WARN_UNUSED_VARIABLE = YES;
				IPHONEOS_DEPLOYMENT_TARGET = 7.0;
				ONLY_ACTIVE_ARCH = YES;
				SDKROOT = iphoneos;
			};
			name = Debug;
		};
		60019782183FBE7C00434CC9 /* Release */ = {
			isa = XCBuildConfiguration;
			buildSettings = {
				ALWAYS_SEARCH_USER_PATHS = NO;
				ARCHS = "$(ARCHS_STANDARD_INCLUDING_64_BIT)";
				CLANG_CXX_LANGUAGE_STANDARD = "gnu++0x";
				CLANG_CXX_LIBRARY = "libc++";
				CLANG_ENABLE_MODULES = YES;
				CLANG_ENABLE_OBJC_ARC = YES;
				CLANG_WARN_BOOL_CONVERSION = YES;
				CLANG_WARN_CONSTANT_CONVERSION = YES;
				CLANG_WARN_DIRECT_OBJC_ISA_USAGE = YES_ERROR;
				CLANG_WARN_EMPTY_BODY = YES;
				CLANG_WARN_ENUM_CONVERSION = YES;
				CLANG_WARN_INT_CONVERSION = YES;
				CLANG_WARN_OBJC_ROOT_CLASS = YES_ERROR;
				CLANG_WARN__DUPLICATE_METHOD_MATCH = YES;
				"CODE_SIGN_IDENTITY[sdk=iphoneos*]" = "iPhone Developer";
				COPY_PHASE_STRIP = YES;
				ENABLE_NS_ASSERTIONS = NO;
				GCC_C_LANGUAGE_STANDARD = gnu99;
				GCC_WARN_64_TO_32_BIT_CONVERSION = YES;
				GCC_WARN_ABOUT_RETURN_TYPE = YES_ERROR;
				GCC_WARN_UNDECLARED_SELECTOR = YES;
				GCC_WARN_UNINITIALIZED_AUTOS = YES;
				GCC_WARN_UNUSED_FUNCTION = YES;
				GCC_WARN_UNUSED_VARIABLE = YES;
				IPHONEOS_DEPLOYMENT_TARGET = 7.0;
				SDKROOT = iphoneos;
				VALIDATE_PRODUCT = YES;
			};
			name = Release;
		};
		60019784183FBE7C00434CC9 /* Debug */ = {
			isa = XCBuildConfiguration;
			buildSettings = {
				ASSETCATALOG_COMPILER_APPICON_NAME = AppIcon;
				ASSETCATALOG_COMPILER_LAUNCHIMAGE_NAME = LaunchImage;
				GCC_PRECOMPILE_PREFIX_HEADER = YES;
				GCC_PREFIX_HEADER = "JNPileView_dev/JNPileView_dev-Prefix.pch";
				INFOPLIST_FILE = "JNPileView_dev/JNPileView_dev-Info.plist";
				PRODUCT_NAME = "$(TARGET_NAME)";
				WRAPPER_EXTENSION = app;
			};
			name = Debug;
		};
		60019785183FBE7C00434CC9 /* Release */ = {
			isa = XCBuildConfiguration;
			buildSettings = {
				ASSETCATALOG_COMPILER_APPICON_NAME = AppIcon;
				ASSETCATALOG_COMPILER_LAUNCHIMAGE_NAME = LaunchImage;
				GCC_PRECOMPILE_PREFIX_HEADER = YES;
				GCC_PREFIX_HEADER = "JNPileView_dev/JNPileView_dev-Prefix.pch";
				INFOPLIST_FILE = "JNPileView_dev/JNPileView_dev-Info.plist";
				PRODUCT_NAME = "$(TARGET_NAME)";
				WRAPPER_EXTENSION = app;
			};
			name = Release;
		};
		60019787183FBE7C00434CC9 /* Debug */ = {
			isa = XCBuildConfiguration;
			buildSettings = {
				ARCHS = "$(ARCHS_STANDARD_INCLUDING_64_BIT)";
				BUNDLE_LOADER = "$(BUILT_PRODUCTS_DIR)/JNPileView_dev.app/JNPileView_dev";
				FRAMEWORK_SEARCH_PATHS = (
					"$(SDKROOT)/Developer/Library/Frameworks",
					"$(inherited)",
					"$(DEVELOPER_FRAMEWORKS_DIR)",
				);
				GCC_PRECOMPILE_PREFIX_HEADER = YES;
				GCC_PREFIX_HEADER = "JNPileView_dev/JNPileView_dev-Prefix.pch";
				GCC_PREPROCESSOR_DEFINITIONS = (
					"DEBUG=1",
					"$(inherited)",
				);
				INFOPLIST_FILE = "JNPileView_devTests/JNPileView_devTests-Info.plist";
				PRODUCT_NAME = "$(TARGET_NAME)";
				TEST_HOST = "$(BUNDLE_LOADER)";
				WRAPPER_EXTENSION = xctest;
			};
			name = Debug;
		};
		60019788183FBE7C00434CC9 /* Release */ = {
			isa = XCBuildConfiguration;
			buildSettings = {
				ARCHS = "$(ARCHS_STANDARD_INCLUDING_64_BIT)";
				BUNDLE_LOADER = "$(BUILT_PRODUCTS_DIR)/JNPileView_dev.app/JNPileView_dev";
				FRAMEWORK_SEARCH_PATHS = (
					"$(SDKROOT)/Developer/Library/Frameworks",
					"$(inherited)",
					"$(DEVELOPER_FRAMEWORKS_DIR)",
				);
				GCC_PRECOMPILE_PREFIX_HEADER = YES;
				GCC_PREFIX_HEADER = "JNPileView_dev/JNPileView_dev-Prefix.pch";
				INFOPLIST_FILE = "JNPileView_devTests/JNPileView_devTests-Info.plist";
				PRODUCT_NAME = "$(TARGET_NAME)";
				TEST_HOST = "$(BUNDLE_LOADER)";
				WRAPPER_EXTENSION = xctest;
			};
			name = Release;
		};
/* End XCBuildConfiguration section */

/* Begin XCConfigurationList section */
		6001974C183FBE7C00434CC9 /* Build configuration list for PBXProject "JNPileView_dev" */ = {
			isa = XCConfigurationList;
			buildConfigurations = (
				60019781183FBE7C00434CC9 /* Debug */,
				60019782183FBE7C00434CC9 /* Release */,
			);
			defaultConfigurationIsVisible = 0;
			defaultConfigurationName = Release;
		};
		60019783183FBE7C00434CC9 /* Build configuration list for PBXNativeTarget "JNPileView_dev" */ = {
			isa = XCConfigurationList;
			buildConfigurations = (
				60019784183FBE7C00434CC9 /* Debug */,
				60019785183FBE7C00434CC9 /* Release */,
			);
			defaultConfigurationIsVisible = 0;
		};
		60019786183FBE7C00434CC9 /* Build configuration list for PBXNativeTarget "JNPileView_devTests" */ = {
			isa = XCConfigurationList;
			buildConfigurations = (
				60019787183FBE7C00434CC9 /* Debug */,
				60019788183FBE7C00434CC9 /* Release */,
			);
			defaultConfigurationIsVisible = 0;
		};
/* End XCConfigurationList section */
	};
	rootObject = 60019749183FBE7C00434CC9 /* Project object */;
}
